// !$*UTF8*$!
{
	archiveVersion = 1;
	classes = {
	};
	objectVersion = 56;
	objects = {

/* Begin PBXBuildFile section */
		9CA168B02AB629080069C818 /* Power_HRG_ProjectApp.swift in Sources */ = {isa = PBXBuildFile; fileRef = 9CA168AF2AB629080069C818 /* Power_HRG_ProjectApp.swift */; };
		9CA168B22AB629080069C818 /* ContentView.swift in Sources */ = {isa = PBXBuildFile; fileRef = 9CA168B12AB629080069C818 /* ContentView.swift */; };
		9CA168B42AB6290A0069C818 /* Assets.xcassets in Resources */ = {isa = PBXBuildFile; fileRef = 9CA168B32AB6290A0069C818 /* Assets.xcassets */; };
		9CA168B72AB6290A0069C818 /* Preview Assets.xcassets in Resources */ = {isa = PBXBuildFile; fileRef = 9CA168B62AB6290A0069C818 /* Preview Assets.xcassets */; };
		9CA168E82AB79B7C0069C818 /* Proxima Nova ExCn Black It.otf in Resources */ = {isa = PBXBuildFile; fileRef = 9CA168BE2AB79B7C0069C818 /* Proxima Nova ExCn Black It.otf */; };
		9CA168E92AB79B7C0069C818 /* Proxima Nova Cond Light It.otf in Resources */ = {isa = PBXBuildFile; fileRef = 9CA168BF2AB79B7C0069C818 /* Proxima Nova Cond Light It.otf */; };
		9CA168EA2AB79B7C0069C818 /* Proxima Nova Reg It.otf in Resources */ = {isa = PBXBuildFile; fileRef = 9CA168C02AB79B7C0069C818 /* Proxima Nova Reg It.otf */; };
		9CA168EB2AB79B7C0069C818 /* Proxima Nova Cond Thin It.otf in Resources */ = {isa = PBXBuildFile; fileRef = 9CA168C12AB79B7C0069C818 /* Proxima Nova Cond Thin It.otf */; };
		9CA168EC2AB79B7C0069C818 /* Proxima Nova Cond Bold It.otf in Resources */ = {isa = PBXBuildFile; fileRef = 9CA168C22AB79B7C0069C818 /* Proxima Nova Cond Bold It.otf */; };
		9CA168ED2AB79B7C0069C818 /* Proxima Nova Light.otf in Resources */ = {isa = PBXBuildFile; fileRef = 9CA168C32AB79B7C0069C818 /* Proxima Nova Light.otf */; };
		9CA168EE2AB79B7C0069C818 /* Proxima Nova ExCn Xbold.otf in Resources */ = {isa = PBXBuildFile; fileRef = 9CA168C42AB79B7C0069C818 /* Proxima Nova ExCn Xbold.otf */; };
		9CA168EF2AB79B7C0069C818 /* Proxima Nova Xbold It.otf in Resources */ = {isa = PBXBuildFile; fileRef = 9CA168C52AB79B7C0069C818 /* Proxima Nova Xbold It.otf */; };
		9CA168F02AB79B7C0069C818 /* Proxima Nova ExCn Black.otf in Resources */ = {isa = PBXBuildFile; fileRef = 9CA168C62AB79B7C0069C818 /* Proxima Nova ExCn Black.otf */; };
		9CA168F12AB79B7C0069C818 /* Proxima Nova Cond Thin.otf in Resources */ = {isa = PBXBuildFile; fileRef = 9CA168C72AB79B7C0069C818 /* Proxima Nova Cond Thin.otf */; };
		9CA168F22AB79B7C0069C818 /* Proxima Nova Cond Xbold It.otf in Resources */ = {isa = PBXBuildFile; fileRef = 9CA168C82AB79B7C0069C818 /* Proxima Nova Cond Xbold It.otf */; };
		9CA168F32AB79B7C0069C818 /* Proxima Nova Cond Light.otf in Resources */ = {isa = PBXBuildFile; fileRef = 9CA168C92AB79B7C0069C818 /* Proxima Nova Cond Light.otf */; };
		9CA168F42AB79B7C0069C818 /* Proxima Nova ExCn Sbold It.otf in Resources */ = {isa = PBXBuildFile; fileRef = 9CA168CA2AB79B7C0069C818 /* Proxima Nova ExCn Sbold It.otf */; };
		9CA168F52AB79B7C0069C818 /* Proxima Nova ExCn Sbold.otf in Resources */ = {isa = PBXBuildFile; fileRef = 9CA168CB2AB79B7C0069C818 /* Proxima Nova ExCn Sbold.otf */; };
		9CA168F62AB79B7C0069C818 /* Proxima Nova Cond Reg It.otf in Resources */ = {isa = PBXBuildFile; fileRef = 9CA168CC2AB79B7C0069C818 /* Proxima Nova Cond Reg It.otf */; };
		9CA168F72AB79B7C0069C818 /* Proxima Nova Light It.otf in Resources */ = {isa = PBXBuildFile; fileRef = 9CA168CD2AB79B7C0069C818 /* Proxima Nova Light It.otf */; };
		9CA168F82AB79B7C0069C818 /* Proxima Nova Cond Bold.otf in Resources */ = {isa = PBXBuildFile; fileRef = 9CA168CE2AB79B7C0069C818 /* Proxima Nova Cond Bold.otf */; };
		9CA168F92AB79B7C0069C818 /* Proxima Nova ExCn Thin.otf in Resources */ = {isa = PBXBuildFile; fileRef = 9CA168CF2AB79B7C0069C818 /* Proxima Nova ExCn Thin.otf */; };
		9CA168FA2AB79B7C0069C818 /* Proxima Nova Cond Sbold It.otf in Resources */ = {isa = PBXBuildFile; fileRef = 9CA168D02AB79B7C0069C818 /* Proxima Nova Cond Sbold It.otf */; };
		9CA168FB2AB79B7C0069C818 /* Proxima Nova Cond Reg.otf in Resources */ = {isa = PBXBuildFile; fileRef = 9CA168D12AB79B7C0069C818 /* Proxima Nova Cond Reg.otf */; };
		9CA168FC2AB79B7C0069C818 /* Proxima Nova ExCn Xbold It.otf in Resources */ = {isa = PBXBuildFile; fileRef = 9CA168D22AB79B7C0069C818 /* Proxima Nova ExCn Xbold It.otf */; };
		9CA168FD2AB79B7C0069C818 /* Proxima Nova Cond Black.otf in Resources */ = {isa = PBXBuildFile; fileRef = 9CA168D32AB79B7C0069C818 /* Proxima Nova Cond Black.otf */; };
		9CA168FE2AB79B7C0069C818 /* Proxima Nova Black It.otf in Resources */ = {isa = PBXBuildFile; fileRef = 9CA168D42AB79B7C0069C818 /* Proxima Nova Black It.otf */; };
		9CA168FF2AB79B7C0069C818 /* Proxima Nova ExCn Light.otf in Resources */ = {isa = PBXBuildFile; fileRef = 9CA168D52AB79B7C0069C818 /* Proxima Nova ExCn Light.otf */; };
		9CA169002AB79B7C0069C818 /* Proxima Nova Xbold.otf in Resources */ = {isa = PBXBuildFile; fileRef = 9CA168D62AB79B7C0069C818 /* Proxima Nova Xbold.otf */; };
		9CA169012AB79B7C0069C818 /* Proxima Nova Reg.otf in Resources */ = {isa = PBXBuildFile; fileRef = 9CA168D72AB79B7C0069C818 /* Proxima Nova Reg.otf */; };
		9CA169022AB79B7C0069C818 /* Proxima Nova Cond Sbold.otf in Resources */ = {isa = PBXBuildFile; fileRef = 9CA168D82AB79B7C0069C818 /* Proxima Nova Cond Sbold.otf */; };
		9CA169032AB79B7C0069C818 /* Proxima Nova ExCn Bold.otf in Resources */ = {isa = PBXBuildFile; fileRef = 9CA168D92AB79B7C0069C818 /* Proxima Nova ExCn Bold.otf */; };
		9CA169042AB79B7C0069C818 /* Proxima Nova Black.otf in Resources */ = {isa = PBXBuildFile; fileRef = 9CA168DA2AB79B7C0069C818 /* Proxima Nova Black.otf */; };
		9CA169052AB79B7C0069C818 /* Proxima Nova ExCn Reg It.otf in Resources */ = {isa = PBXBuildFile; fileRef = 9CA168DB2AB79B7C0069C818 /* Proxima Nova ExCn Reg It.otf */; };
		9CA169062AB79B7C0069C818 /* Proxima Nova ExCn Light It.otf in Resources */ = {isa = PBXBuildFile; fileRef = 9CA168DC2AB79B7C0069C818 /* Proxima Nova ExCn Light It.otf */; };
		9CA169072AB79B7C0069C818 /* Proxima Nova Cond Xbold.otf in Resources */ = {isa = PBXBuildFile; fileRef = 9CA168DD2AB79B7C0069C818 /* Proxima Nova Cond Xbold.otf */; };
		9CA169082AB79B7C0069C818 /* Proxima Nova Cond Black It.otf in Resources */ = {isa = PBXBuildFile; fileRef = 9CA168DE2AB79B7C0069C818 /* Proxima Nova Cond Black It.otf */; };
		9CA169092AB79B7C0069C818 /* Proxima Nova Bold.otf in Resources */ = {isa = PBXBuildFile; fileRef = 9CA168DF2AB79B7C0069C818 /* Proxima Nova Bold.otf */; };
		9CA1690A2AB79B7C0069C818 /* Proxima Nova Sbold.otf in Resources */ = {isa = PBXBuildFile; fileRef = 9CA168E02AB79B7C0069C818 /* Proxima Nova Sbold.otf */; };
		9CA1690B2AB79B7C0069C818 /* Proxima Nova Thin It.otf in Resources */ = {isa = PBXBuildFile; fileRef = 9CA168E12AB79B7C0069C818 /* Proxima Nova Thin It.otf */; };
		9CA1690C2AB79B7C0069C818 /* Proxima Nova Bold It.otf in Resources */ = {isa = PBXBuildFile; fileRef = 9CA168E22AB79B7C0069C818 /* Proxima Nova Bold It.otf */; };
		9CA1690D2AB79B7C0069C818 /* Proxima Nova ExCn Bold It.otf in Resources */ = {isa = PBXBuildFile; fileRef = 9CA168E32AB79B7C0069C818 /* Proxima Nova ExCn Bold It.otf */; };
		9CA1690E2AB79B7C0069C818 /* Proxima Nova ExCn Thin It.otf in Resources */ = {isa = PBXBuildFile; fileRef = 9CA168E42AB79B7C0069C818 /* Proxima Nova ExCn Thin It.otf */; };
		9CA1690F2AB79B7C0069C818 /* Proxima Nova Thin.otf in Resources */ = {isa = PBXBuildFile; fileRef = 9CA168E52AB79B7C0069C818 /* Proxima Nova Thin.otf */; };
		9CA169102AB79B7C0069C818 /* Proxima Nova ExCn Reg.otf in Resources */ = {isa = PBXBuildFile; fileRef = 9CA168E62AB79B7C0069C818 /* Proxima Nova ExCn Reg.otf */; };
		9CA169112AB79B7C0069C818 /* Proxima Nova Sbold It.otf in Resources */ = {isa = PBXBuildFile; fileRef = 9CA168E72AB79B7C0069C818 /* Proxima Nova Sbold It.otf */; };
		9CA169142AB7A7CD0069C818 /* EmployeeListView.swift in Sources */ = {isa = PBXBuildFile; fileRef = 9CA169132AB7A7CD0069C818 /* EmployeeListView.swift */; };
		9CA169162AB7A9260069C818 /* Employee.swift in Sources */ = {isa = PBXBuildFile; fileRef = 9CA169152AB7A9260069C818 /* Employee.swift */; };
/* End PBXBuildFile section */

/* Begin PBXFileReference section */
		9CA168AC2AB629080069C818 /* Power_HRG_Project.app */ = {isa = PBXFileReference; explicitFileType = wrapper.application; includeInIndex = 0; path = Power_HRG_Project.app; sourceTree = BUILT_PRODUCTS_DIR; };
		9CA168AF2AB629080069C818 /* Power_HRG_ProjectApp.swift */ = {isa = PBXFileReference; lastKnownFileType = sourcecode.swift; path = Power_HRG_ProjectApp.swift; sourceTree = "<group>"; };
		9CA168B12AB629080069C818 /* ContentView.swift */ = {isa = PBXFileReference; lastKnownFileType = sourcecode.swift; path = ContentView.swift; sourceTree = "<group>"; };
		9CA168B32AB6290A0069C818 /* Assets.xcassets */ = {isa = PBXFileReference; lastKnownFileType = folder.assetcatalog; path = Assets.xcassets; sourceTree = "<group>"; };
		9CA168B62AB6290A0069C818 /* Preview Assets.xcassets */ = {isa = PBXFileReference; lastKnownFileType = folder.assetcatalog; path = "Preview Assets.xcassets"; sourceTree = "<group>"; };
		9CA168BE2AB79B7C0069C818 /* Proxima Nova ExCn Black It.otf */ = {isa = PBXFileReference; lastKnownFileType = file; path = "Proxima Nova ExCn Black It.otf"; sourceTree = "<group>"; };
		9CA168BF2AB79B7C0069C818 /* Proxima Nova Cond Light It.otf */ = {isa = PBXFileReference; lastKnownFileType = file; path = "Proxima Nova Cond Light It.otf"; sourceTree = "<group>"; };
		9CA168C02AB79B7C0069C818 /* Proxima Nova Reg It.otf */ = {isa = PBXFileReference; lastKnownFileType = file; path = "Proxima Nova Reg It.otf"; sourceTree = "<group>"; };
		9CA168C12AB79B7C0069C818 /* Proxima Nova Cond Thin It.otf */ = {isa = PBXFileReference; lastKnownFileType = file; path = "Proxima Nova Cond Thin It.otf"; sourceTree = "<group>"; };
		9CA168C22AB79B7C0069C818 /* Proxima Nova Cond Bold It.otf */ = {isa = PBXFileReference; lastKnownFileType = file; path = "Proxima Nova Cond Bold It.otf"; sourceTree = "<group>"; };
		9CA168C32AB79B7C0069C818 /* Proxima Nova Light.otf */ = {isa = PBXFileReference; lastKnownFileType = file; path = "Proxima Nova Light.otf"; sourceTree = "<group>"; };
		9CA168C42AB79B7C0069C818 /* Proxima Nova ExCn Xbold.otf */ = {isa = PBXFileReference; lastKnownFileType = file; path = "Proxima Nova ExCn Xbold.otf"; sourceTree = "<group>"; };
		9CA168C52AB79B7C0069C818 /* Proxima Nova Xbold It.otf */ = {isa = PBXFileReference; lastKnownFileType = file; path = "Proxima Nova Xbold It.otf"; sourceTree = "<group>"; };
		9CA168C62AB79B7C0069C818 /* Proxima Nova ExCn Black.otf */ = {isa = PBXFileReference; lastKnownFileType = file; path = "Proxima Nova ExCn Black.otf"; sourceTree = "<group>"; };
		9CA168C72AB79B7C0069C818 /* Proxima Nova Cond Thin.otf */ = {isa = PBXFileReference; lastKnownFileType = file; path = "Proxima Nova Cond Thin.otf"; sourceTree = "<group>"; };
		9CA168C82AB79B7C0069C818 /* Proxima Nova Cond Xbold It.otf */ = {isa = PBXFileReference; lastKnownFileType = file; path = "Proxima Nova Cond Xbold It.otf"; sourceTree = "<group>"; };
		9CA168C92AB79B7C0069C818 /* Proxima Nova Cond Light.otf */ = {isa = PBXFileReference; lastKnownFileType = file; path = "Proxima Nova Cond Light.otf"; sourceTree = "<group>"; };
		9CA168CA2AB79B7C0069C818 /* Proxima Nova ExCn Sbold It.otf */ = {isa = PBXFileReference; lastKnownFileType = file; path = "Proxima Nova ExCn Sbold It.otf"; sourceTree = "<group>"; };
		9CA168CB2AB79B7C0069C818 /* Proxima Nova ExCn Sbold.otf */ = {isa = PBXFileReference; lastKnownFileType = file; path = "Proxima Nova ExCn Sbold.otf"; sourceTree = "<group>"; };
		9CA168CC2AB79B7C0069C818 /* Proxima Nova Cond Reg It.otf */ = {isa = PBXFileReference; lastKnownFileType = file; path = "Proxima Nova Cond Reg It.otf"; sourceTree = "<group>"; };
		9CA168CD2AB79B7C0069C818 /* Proxima Nova Light It.otf */ = {isa = PBXFileReference; lastKnownFileType = file; path = "Proxima Nova Light It.otf"; sourceTree = "<group>"; };
		9CA168CE2AB79B7C0069C818 /* Proxima Nova Cond Bold.otf */ = {isa = PBXFileReference; lastKnownFileType = file; path = "Proxima Nova Cond Bold.otf"; sourceTree = "<group>"; };
		9CA168CF2AB79B7C0069C818 /* Proxima Nova ExCn Thin.otf */ = {isa = PBXFileReference; lastKnownFileType = file; path = "Proxima Nova ExCn Thin.otf"; sourceTree = "<group>"; };
		9CA168D02AB79B7C0069C818 /* Proxima Nova Cond Sbold It.otf */ = {isa = PBXFileReference; lastKnownFileType = file; path = "Proxima Nova Cond Sbold It.otf"; sourceTree = "<group>"; };
		9CA168D12AB79B7C0069C818 /* Proxima Nova Cond Reg.otf */ = {isa = PBXFileReference; lastKnownFileType = file; path = "Proxima Nova Cond Reg.otf"; sourceTree = "<group>"; };
		9CA168D22AB79B7C0069C818 /* Proxima Nova ExCn Xbold It.otf */ = {isa = PBXFileReference; lastKnownFileType = file; path = "Proxima Nova ExCn Xbold It.otf"; sourceTree = "<group>"; };
		9CA168D32AB79B7C0069C818 /* Proxima Nova Cond Black.otf */ = {isa = PBXFileReference; lastKnownFileType = file; path = "Proxima Nova Cond Black.otf"; sourceTree = "<group>"; };
		9CA168D42AB79B7C0069C818 /* Proxima Nova Black It.otf */ = {isa = PBXFileReference; lastKnownFileType = file; path = "Proxima Nova Black It.otf"; sourceTree = "<group>"; };
		9CA168D52AB79B7C0069C818 /* Proxima Nova ExCn Light.otf */ = {isa = PBXFileReference; lastKnownFileType = file; path = "Proxima Nova ExCn Light.otf"; sourceTree = "<group>"; };
		9CA168D62AB79B7C0069C818 /* Proxima Nova Xbold.otf */ = {isa = PBXFileReference; lastKnownFileType = file; path = "Proxima Nova Xbold.otf"; sourceTree = "<group>"; };
		9CA168D72AB79B7C0069C818 /* Proxima Nova Reg.otf */ = {isa = PBXFileReference; lastKnownFileType = file; path = "Proxima Nova Reg.otf"; sourceTree = "<group>"; };
		9CA168D82AB79B7C0069C818 /* Proxima Nova Cond Sbold.otf */ = {isa = PBXFileReference; lastKnownFileType = file; path = "Proxima Nova Cond Sbold.otf"; sourceTree = "<group>"; };
		9CA168D92AB79B7C0069C818 /* Proxima Nova ExCn Bold.otf */ = {isa = PBXFileReference; lastKnownFileType = file; path = "Proxima Nova ExCn Bold.otf"; sourceTree = "<group>"; };
		9CA168DA2AB79B7C0069C818 /* Proxima Nova Black.otf */ = {isa = PBXFileReference; lastKnownFileType = file; path = "Proxima Nova Black.otf"; sourceTree = "<group>"; };
		9CA168DB2AB79B7C0069C818 /* Proxima Nova ExCn Reg It.otf */ = {isa = PBXFileReference; lastKnownFileType = file; path = "Proxima Nova ExCn Reg It.otf"; sourceTree = "<group>"; };
		9CA168DC2AB79B7C0069C818 /* Proxima Nova ExCn Light It.otf */ = {isa = PBXFileReference; lastKnownFileType = file; path = "Proxima Nova ExCn Light It.otf"; sourceTree = "<group>"; };
		9CA168DD2AB79B7C0069C818 /* Proxima Nova Cond Xbold.otf */ = {isa = PBXFileReference; lastKnownFileType = file; path = "Proxima Nova Cond Xbold.otf"; sourceTree = "<group>"; };
		9CA168DE2AB79B7C0069C818 /* Proxima Nova Cond Black It.otf */ = {isa = PBXFileReference; lastKnownFileType = file; path = "Proxima Nova Cond Black It.otf"; sourceTree = "<group>"; };
		9CA168DF2AB79B7C0069C818 /* Proxima Nova Bold.otf */ = {isa = PBXFileReference; lastKnownFileType = file; path = "Proxima Nova Bold.otf"; sourceTree = "<group>"; };
		9CA168E02AB79B7C0069C818 /* Proxima Nova Sbold.otf */ = {isa = PBXFileReference; lastKnownFileType = file; path = "Proxima Nova Sbold.otf"; sourceTree = "<group>"; };
		9CA168E12AB79B7C0069C818 /* Proxima Nova Thin It.otf */ = {isa = PBXFileReference; lastKnownFileType = file; path = "Proxima Nova Thin It.otf"; sourceTree = "<group>"; };
		9CA168E22AB79B7C0069C818 /* Proxima Nova Bold It.otf */ = {isa = PBXFileReference; lastKnownFileType = file; path = "Proxima Nova Bold It.otf"; sourceTree = "<group>"; };
		9CA168E32AB79B7C0069C818 /* Proxima Nova ExCn Bold It.otf */ = {isa = PBXFileReference; lastKnownFileType = file; path = "Proxima Nova ExCn Bold It.otf"; sourceTree = "<group>"; };
		9CA168E42AB79B7C0069C818 /* Proxima Nova ExCn Thin It.otf */ = {isa = PBXFileReference; lastKnownFileType = file; path = "Proxima Nova ExCn Thin It.otf"; sourceTree = "<group>"; };
		9CA168E52AB79B7C0069C818 /* Proxima Nova Thin.otf */ = {isa = PBXFileReference; lastKnownFileType = file; path = "Proxima Nova Thin.otf"; sourceTree = "<group>"; };
		9CA168E62AB79B7C0069C818 /* Proxima Nova ExCn Reg.otf */ = {isa = PBXFileReference; lastKnownFileType = file; path = "Proxima Nova ExCn Reg.otf"; sourceTree = "<group>"; };
		9CA168E72AB79B7C0069C818 /* Proxima Nova Sbold It.otf */ = {isa = PBXFileReference; lastKnownFileType = file; path = "Proxima Nova Sbold It.otf"; sourceTree = "<group>"; };
		9CA169122AB7A09E0069C818 /* Power-HRG-Project-Info.plist */ = {isa = PBXFileReference; lastKnownFileType = text.plist; path = "Power-HRG-Project-Info.plist"; sourceTree = SOURCE_ROOT; };
		9CA169132AB7A7CD0069C818 /* EmployeeListView.swift */ = {isa = PBXFileReference; lastKnownFileType = sourcecode.swift; path = EmployeeListView.swift; sourceTree = "<group>"; };
		9CA169152AB7A9260069C818 /* Employee.swift */ = {isa = PBXFileReference; lastKnownFileType = sourcecode.swift; path = Employee.swift; sourceTree = "<group>"; };
/* End PBXFileReference section */

/* Begin PBXFrameworksBuildPhase section */
		9CA168A92AB629080069C818 /* Frameworks */ = {
			isa = PBXFrameworksBuildPhase;
			buildActionMask = 2147483647;
			files = (
			);
			runOnlyForDeploymentPostprocessing = 0;
		};
/* End PBXFrameworksBuildPhase section */

/* Begin PBXGroup section */
		9CA168A32AB629080069C818 = {
			isa = PBXGroup;
			children = (
				9CA168AE2AB629080069C818 /* Power_HRG_Project */,
				9CA168AD2AB629080069C818 /* Products */,
			);
			sourceTree = "<group>";
		};
		9CA168AD2AB629080069C818 /* Products */ = {
			isa = PBXGroup;
			children = (
				9CA168AC2AB629080069C818 /* Power_HRG_Project.app */,
			);
			name = Products;
			sourceTree = "<group>";
		};
		9CA168AE2AB629080069C818 /* Power_HRG_Project */ = {
			isa = PBXGroup;
			children = (
				9CA169122AB7A09E0069C818 /* Power-HRG-Project-Info.plist */,
				9CA168AF2AB629080069C818 /* Power_HRG_ProjectApp.swift */,
				9CA169182AB7AA2E0069C818 /* Views */,
				9CA169172AB7AA210069C818 /* Model */,
				9CA168B32AB6290A0069C818 /* Assets.xcassets */,
				9CA168BD2AB79B7C0069C818 /* Font */,
				9CA168B52AB6290A0069C818 /* Preview Content */,
			);
			path = Power_HRG_Project;
			sourceTree = "<group>";
		};
		9CA168B52AB6290A0069C818 /* Preview Content */ = {
			isa = PBXGroup;
			children = (
				9CA168B62AB6290A0069C818 /* Preview Assets.xcassets */,
			);
			path = "Preview Content";
			sourceTree = "<group>";
		};
		9CA168BD2AB79B7C0069C818 /* Font */ = {
			isa = PBXGroup;
			children = (
				9CA168BE2AB79B7C0069C818 /* Proxima Nova ExCn Black It.otf */,
				9CA168BF2AB79B7C0069C818 /* Proxima Nova Cond Light It.otf */,
				9CA168C02AB79B7C0069C818 /* Proxima Nova Reg It.otf */,
				9CA168C12AB79B7C0069C818 /* Proxima Nova Cond Thin It.otf */,
				9CA168C22AB79B7C0069C818 /* Proxima Nova Cond Bold It.otf */,
				9CA168C32AB79B7C0069C818 /* Proxima Nova Light.otf */,
				9CA168C42AB79B7C0069C818 /* Proxima Nova ExCn Xbold.otf */,
				9CA168C52AB79B7C0069C818 /* Proxima Nova Xbold It.otf */,
				9CA168C62AB79B7C0069C818 /* Proxima Nova ExCn Black.otf */,
				9CA168C72AB79B7C0069C818 /* Proxima Nova Cond Thin.otf */,
				9CA168C82AB79B7C0069C818 /* Proxima Nova Cond Xbold It.otf */,
				9CA168C92AB79B7C0069C818 /* Proxima Nova Cond Light.otf */,
				9CA168CA2AB79B7C0069C818 /* Proxima Nova ExCn Sbold It.otf */,
				9CA168CB2AB79B7C0069C818 /* Proxima Nova ExCn Sbold.otf */,
				9CA168CC2AB79B7C0069C818 /* Proxima Nova Cond Reg It.otf */,
				9CA168CD2AB79B7C0069C818 /* Proxima Nova Light It.otf */,
				9CA168CE2AB79B7C0069C818 /* Proxima Nova Cond Bold.otf */,
				9CA168CF2AB79B7C0069C818 /* Proxima Nova ExCn Thin.otf */,
				9CA168D02AB79B7C0069C818 /* Proxima Nova Cond Sbold It.otf */,
				9CA168D12AB79B7C0069C818 /* Proxima Nova Cond Reg.otf */,
				9CA168D22AB79B7C0069C818 /* Proxima Nova ExCn Xbold It.otf */,
				9CA168D32AB79B7C0069C818 /* Proxima Nova Cond Black.otf */,
				9CA168D42AB79B7C0069C818 /* Proxima Nova Black It.otf */,
				9CA168D52AB79B7C0069C818 /* Proxima Nova ExCn Light.otf */,
				9CA168D62AB79B7C0069C818 /* Proxima Nova Xbold.otf */,
				9CA168D72AB79B7C0069C818 /* Proxima Nova Reg.otf */,
				9CA168D82AB79B7C0069C818 /* Proxima Nova Cond Sbold.otf */,
				9CA168D92AB79B7C0069C818 /* Proxima Nova ExCn Bold.otf */,
				9CA168DA2AB79B7C0069C818 /* Proxima Nova Black.otf */,
				9CA168DB2AB79B7C0069C818 /* Proxima Nova ExCn Reg It.otf */,
				9CA168DC2AB79B7C0069C818 /* Proxima Nova ExCn Light It.otf */,
				9CA168DD2AB79B7C0069C818 /* Proxima Nova Cond Xbold.otf */,
				9CA168DE2AB79B7C0069C818 /* Proxima Nova Cond Black It.otf */,
				9CA168DF2AB79B7C0069C818 /* Proxima Nova Bold.otf */,
				9CA168E02AB79B7C0069C818 /* Proxima Nova Sbold.otf */,
				9CA168E12AB79B7C0069C818 /* Proxima Nova Thin It.otf */,
				9CA168E22AB79B7C0069C818 /* Proxima Nova Bold It.otf */,
				9CA168E32AB79B7C0069C818 /* Proxima Nova ExCn Bold It.otf */,
				9CA168E42AB79B7C0069C818 /* Proxima Nova ExCn Thin It.otf */,
				9CA168E52AB79B7C0069C818 /* Proxima Nova Thin.otf */,
				9CA168E62AB79B7C0069C818 /* Proxima Nova ExCn Reg.otf */,
				9CA168E72AB79B7C0069C818 /* Proxima Nova Sbold It.otf */,
			);
			path = Font;
			sourceTree = "<group>";
		};
		9CA169172AB7AA210069C818 /* Model */ = {
			isa = PBXGroup;
			children = (
				9CA169152AB7A9260069C818 /* Employee.swift */,
			);
			path = Model;
			sourceTree = "<group>";
		};
		9CA169182AB7AA2E0069C818 /* Views */ = {
			isa = PBXGroup;
			children = (
				9CA168B12AB629080069C818 /* ContentView.swift */,
				9CA169132AB7A7CD0069C818 /* EmployeeListView.swift */,
			);
			path = Views;
			sourceTree = "<group>";
		};
/* End PBXGroup section */

/* Begin PBXNativeTarget section */
		9CA168AB2AB629080069C818 /* Power_HRG_Project */ = {
			isa = PBXNativeTarget;
			buildConfigurationList = 9CA168BA2AB6290A0069C818 /* Build configuration list for PBXNativeTarget "Power_HRG_Project" */;
			buildPhases = (
				9CA168A82AB629080069C818 /* Sources */,
				9CA168A92AB629080069C818 /* Frameworks */,
				9CA168AA2AB629080069C818 /* Resources */,
			);
			buildRules = (
			);
			dependencies = (
			);
			name = Power_HRG_Project;
			productName = Power_HRG_Project;
			productReference = 9CA168AC2AB629080069C818 /* Power_HRG_Project.app */;
			productType = "com.apple.product-type.application";
		};
/* End PBXNativeTarget section */

/* Begin PBXProject section */
		9CA168A42AB629080069C818 /* Project object */ = {
			isa = PBXProject;
			attributes = {
				BuildIndependentTargetsInParallel = 1;
				LastSwiftUpdateCheck = 1430;
				LastUpgradeCheck = 1430;
				TargetAttributes = {
					9CA168AB2AB629080069C818 = {
						CreatedOnToolsVersion = 14.3.1;
					};
				};
			};
			buildConfigurationList = 9CA168A72AB629080069C818 /* Build configuration list for PBXProject "Power_HRG_Project" */;
			compatibilityVersion = "Xcode 14.0";
			developmentRegion = en;
			hasScannedForEncodings = 0;
			knownRegions = (
				en,
				Base,
			);
			mainGroup = 9CA168A32AB629080069C818;
			productRefGroup = 9CA168AD2AB629080069C818 /* Products */;
			projectDirPath = "";
			projectRoot = "";
			targets = (
				9CA168AB2AB629080069C818 /* Power_HRG_Project */,
			);
		};
/* End PBXProject section */

/* Begin PBXResourcesBuildPhase section */
		9CA168AA2AB629080069C818 /* Resources */ = {
			isa = PBXResourcesBuildPhase;
			buildActionMask = 2147483647;
			files = (
				9CA168EC2AB79B7C0069C818 /* Proxima Nova Cond Bold It.otf in Resources */,
				9CA169012AB79B7C0069C818 /* Proxima Nova Reg.otf in Resources */,
				9CA169002AB79B7C0069C818 /* Proxima Nova Xbold.otf in Resources */,
				9CA168F72AB79B7C0069C818 /* Proxima Nova Light It.otf in Resources */,
				9CA168FE2AB79B7C0069C818 /* Proxima Nova Black It.otf in Resources */,
				9CA169072AB79B7C0069C818 /* Proxima Nova Cond Xbold.otf in Resources */,
				9CA169062AB79B7C0069C818 /* Proxima Nova ExCn Light It.otf in Resources */,
				9CA168ED2AB79B7C0069C818 /* Proxima Nova Light.otf in Resources */,
				9CA168EA2AB79B7C0069C818 /* Proxima Nova Reg It.otf in Resources */,
				9CA169092AB79B7C0069C818 /* Proxima Nova Bold.otf in Resources */,
				9CA1690C2AB79B7C0069C818 /* Proxima Nova Bold It.otf in Resources */,
				9CA168F42AB79B7C0069C818 /* Proxima Nova ExCn Sbold It.otf in Resources */,
				9CA1690D2AB79B7C0069C818 /* Proxima Nova ExCn Bold It.otf in Resources */,
				9CA1690F2AB79B7C0069C818 /* Proxima Nova Thin.otf in Resources */,
				9CA168FF2AB79B7C0069C818 /* Proxima Nova ExCn Light.otf in Resources */,
				9CA168B72AB6290A0069C818 /* Preview Assets.xcassets in Resources */,
				9CA168F92AB79B7C0069C818 /* Proxima Nova ExCn Thin.otf in Resources */,
				9CA168F62AB79B7C0069C818 /* Proxima Nova Cond Reg It.otf in Resources */,
				9CA169082AB79B7C0069C818 /* Proxima Nova Cond Black It.otf in Resources */,
				9CA168FB2AB79B7C0069C818 /* Proxima Nova Cond Reg.otf in Resources */,
				9CA168F22AB79B7C0069C818 /* Proxima Nova Cond Xbold It.otf in Resources */,
				9CA169022AB79B7C0069C818 /* Proxima Nova Cond Sbold.otf in Resources */,
				9CA168F12AB79B7C0069C818 /* Proxima Nova Cond Thin.otf in Resources */,
				9CA169052AB79B7C0069C818 /* Proxima Nova ExCn Reg It.otf in Resources */,
				9CA169102AB79B7C0069C818 /* Proxima Nova ExCn Reg.otf in Resources */,
				9CA1690B2AB79B7C0069C818 /* Proxima Nova Thin It.otf in Resources */,
				9CA168EE2AB79B7C0069C818 /* Proxima Nova ExCn Xbold.otf in Resources */,
				9CA168F82AB79B7C0069C818 /* Proxima Nova Cond Bold.otf in Resources */,
				9CA168F52AB79B7C0069C818 /* Proxima Nova ExCn Sbold.otf in Resources */,
				9CA169112AB79B7C0069C818 /* Proxima Nova Sbold It.otf in Resources */,
				9CA1690A2AB79B7C0069C818 /* Proxima Nova Sbold.otf in Resources */,
				9CA168B42AB6290A0069C818 /* Assets.xcassets in Resources */,
				9CA168FD2AB79B7C0069C818 /* Proxima Nova Cond Black.otf in Resources */,
				9CA168FA2AB79B7C0069C818 /* Proxima Nova Cond Sbold It.otf in Resources */,
				9CA168EF2AB79B7C0069C818 /* Proxima Nova Xbold It.otf in Resources */,
				9CA168E92AB79B7C0069C818 /* Proxima Nova Cond Light It.otf in Resources */,
				9CA169032AB79B7C0069C818 /* Proxima Nova ExCn Bold.otf in Resources */,
				9CA168EB2AB79B7C0069C818 /* Proxima Nova Cond Thin It.otf in Resources */,
				9CA168F02AB79B7C0069C818 /* Proxima Nova ExCn Black.otf in Resources */,
				9CA168FC2AB79B7C0069C818 /* Proxima Nova ExCn Xbold It.otf in Resources */,
				9CA168F32AB79B7C0069C818 /* Proxima Nova Cond Light.otf in Resources */,
				9CA1690E2AB79B7C0069C818 /* Proxima Nova ExCn Thin It.otf in Resources */,
				9CA169042AB79B7C0069C818 /* Proxima Nova Black.otf in Resources */,
				9CA168E82AB79B7C0069C818 /* Proxima Nova ExCn Black It.otf in Resources */,
			);
			runOnlyForDeploymentPostprocessing = 0;
		};
/* End PBXResourcesBuildPhase section */

/* Begin PBXSourcesBuildPhase section */
		9CA168A82AB629080069C818 /* Sources */ = {
			isa = PBXSourcesBuildPhase;
			buildActionMask = 2147483647;
			files = (
				9CA168B22AB629080069C818 /* ContentView.swift in Sources */,
				9CA169162AB7A9260069C818 /* Employee.swift in Sources */,
				9CA168B02AB629080069C818 /* Power_HRG_ProjectApp.swift in Sources */,
				9CA169142AB7A7CD0069C818 /* EmployeeListView.swift in Sources */,
			);
			runOnlyForDeploymentPostprocessing = 0;
		};
/* End PBXSourcesBuildPhase section */

/* Begin XCBuildConfiguration section */
		9CA168B82AB6290A0069C818 /* Debug */ = {
			isa = XCBuildConfiguration;
			buildSettings = {
				ALWAYS_SEARCH_USER_PATHS = NO;
				CLANG_ANALYZER_NONNULL = YES;
				CLANG_ANALYZER_NUMBER_OBJECT_CONVERSION = YES_AGGRESSIVE;
				CLANG_CXX_LANGUAGE_STANDARD = "gnu++20";
				CLANG_ENABLE_MODULES = YES;
				CLANG_ENABLE_OBJC_ARC = YES;
				CLANG_ENABLE_OBJC_WEAK = YES;
				CLANG_WARN_BLOCK_CAPTURE_AUTORELEASING = YES;
				CLANG_WARN_BOOL_CONVERSION = YES;
				CLANG_WARN_COMMA = YES;
				CLANG_WARN_CONSTANT_CONVERSION = YES;
				CLANG_WARN_DEPRECATED_OBJC_IMPLEMENTATIONS = YES;
				CLANG_WARN_DIRECT_OBJC_ISA_USAGE = YES_ERROR;
				CLANG_WARN_DOCUMENTATION_COMMENTS = YES;
				CLANG_WARN_EMPTY_BODY = YES;
				CLANG_WARN_ENUM_CONVERSION = YES;
				CLANG_WARN_INFINITE_RECURSION = YES;
				CLANG_WARN_INT_CONVERSION = YES;
				CLANG_WARN_NON_LITERAL_NULL_CONVERSION = YES;
				CLANG_WARN_OBJC_IMPLICIT_RETAIN_SELF = YES;
				CLANG_WARN_OBJC_LITERAL_CONVERSION = YES;
				CLANG_WARN_OBJC_ROOT_CLASS = YES_ERROR;
				CLANG_WARN_QUOTED_INCLUDE_IN_FRAMEWORK_HEADER = YES;
				CLANG_WARN_RANGE_LOOP_ANALYSIS = YES;
				CLANG_WARN_STRICT_PROTOTYPES = YES;
				CLANG_WARN_SUSPICIOUS_MOVE = YES;
				CLANG_WARN_UNGUARDED_AVAILABILITY = YES_AGGRESSIVE;
				CLANG_WARN_UNREACHABLE_CODE = YES;
				CLANG_WARN__DUPLICATE_METHOD_MATCH = YES;
				COPY_PHASE_STRIP = NO;
				DEBUG_INFORMATION_FORMAT = dwarf;
				ENABLE_STRICT_OBJC_MSGSEND = YES;
				ENABLE_TESTABILITY = YES;
				GCC_C_LANGUAGE_STANDARD = gnu11;
				GCC_DYNAMIC_NO_PIC = NO;
				GCC_NO_COMMON_BLOCKS = YES;
				GCC_OPTIMIZATION_LEVEL = 0;
				GCC_PREPROCESSOR_DEFINITIONS = (
					"DEBUG=1",
					"$(inherited)",
				);
				GCC_WARN_64_TO_32_BIT_CONVERSION = YES;
				GCC_WARN_ABOUT_RETURN_TYPE = YES_ERROR;
				GCC_WARN_UNDECLARED_SELECTOR = YES;
				GCC_WARN_UNINITIALIZED_AUTOS = YES_AGGRESSIVE;
				GCC_WARN_UNUSED_FUNCTION = YES;
				GCC_WARN_UNUSED_VARIABLE = YES;
				IPHONEOS_DEPLOYMENT_TARGET = 16.4;
				MTL_ENABLE_DEBUG_INFO = INCLUDE_SOURCE;
				MTL_FAST_MATH = YES;
				ONLY_ACTIVE_ARCH = YES;
				SDKROOT = iphoneos;
				SWIFT_ACTIVE_COMPILATION_CONDITIONS = DEBUG;
				SWIFT_OPTIMIZATION_LEVEL = "-Onone";
			};
			name = Debug;
		};
		9CA168B92AB6290A0069C818 /* Release */ = {
			isa = XCBuildConfiguration;
			buildSettings = {
				ALWAYS_SEARCH_USER_PATHS = NO;
				CLANG_ANALYZER_NONNULL = YES;
				CLANG_ANALYZER_NUMBER_OBJECT_CONVERSION = YES_AGGRESSIVE;
				CLANG_CXX_LANGUAGE_STANDARD = "gnu++20";
				CLANG_ENABLE_MODULES = YES;
				CLANG_ENABLE_OBJC_ARC = YES;
				CLANG_ENABLE_OBJC_WEAK = YES;
				CLANG_WARN_BLOCK_CAPTURE_AUTORELEASING = YES;
				CLANG_WARN_BOOL_CONVERSION = YES;
				CLANG_WARN_COMMA = YES;
				CLANG_WARN_CONSTANT_CONVERSION = YES;
				CLANG_WARN_DEPRECATED_OBJC_IMPLEMENTATIONS = YES;
				CLANG_WARN_DIRECT_OBJC_ISA_USAGE = YES_ERROR;
				CLANG_WARN_DOCUMENTATION_COMMENTS = YES;
				CLANG_WARN_EMPTY_BODY = YES;
				CLANG_WARN_ENUM_CONVERSION = YES;
				CLANG_WARN_INFINITE_RECURSION = YES;
				CLANG_WARN_INT_CONVERSION = YES;
				CLANG_WARN_NON_LITERAL_NULL_CONVERSION = YES;
				CLANG_WARN_OBJC_IMPLICIT_RETAIN_SELF = YES;
				CLANG_WARN_OBJC_LITERAL_CONVERSION = YES;
				CLANG_WARN_OBJC_ROOT_CLASS = YES_ERROR;
				CLANG_WARN_QUOTED_INCLUDE_IN_FRAMEWORK_HEADER = YES;
				CLANG_WARN_RANGE_LOOP_ANALYSIS = YES;
				CLANG_WARN_STRICT_PROTOTYPES = YES;
				CLANG_WARN_SUSPICIOUS_MOVE = YES;
				CLANG_WARN_UNGUARDED_AVAILABILITY = YES_AGGRESSIVE;
				CLANG_WARN_UNREACHABLE_CODE = YES;
				CLANG_WARN__DUPLICATE_METHOD_MATCH = YES;
				COPY_PHASE_STRIP = NO;
				DEBUG_INFORMATION_FORMAT = "dwarf-with-dsym";
				ENABLE_NS_ASSERTIONS = NO;
				ENABLE_STRICT_OBJC_MSGSEND = YES;
				GCC_C_LANGUAGE_STANDARD = gnu11;
				GCC_NO_COMMON_BLOCKS = YES;
				GCC_WARN_64_TO_32_BIT_CONVERSION = YES;
				GCC_WARN_ABOUT_RETURN_TYPE = YES_ERROR;
				GCC_WARN_UNDECLARED_SELECTOR = YES;
				GCC_WARN_UNINITIALIZED_AUTOS = YES_AGGRESSIVE;
				GCC_WARN_UNUSED_FUNCTION = YES;
				GCC_WARN_UNUSED_VARIABLE = YES;
				IPHONEOS_DEPLOYMENT_TARGET = 16.4;
				MTL_ENABLE_DEBUG_INFO = NO;
				MTL_FAST_MATH = YES;
				SDKROOT = iphoneos;
				SWIFT_COMPILATION_MODE = wholemodule;
				SWIFT_OPTIMIZATION_LEVEL = "-O";
				VALIDATE_PRODUCT = YES;
			};
			name = Release;
		};
		9CA168BB2AB6290A0069C818 /* Debug */ = {
			isa = XCBuildConfiguration;
			buildSettings = {
				ASSETCATALOG_COMPILER_APPICON_NAME = AppIcon;
				ASSETCATALOG_COMPILER_GLOBAL_ACCENT_COLOR_NAME = AccentColor;
				CODE_SIGN_STYLE = Automatic;
				CURRENT_PROJECT_VERSION = 1;
				DEVELOPMENT_ASSET_PATHS = "\"Power_HRG_Project/Preview Content\"";
				DEVELOPMENT_TEAM = GBG5422KCQ;
				ENABLE_PREVIEWS = YES;
				GENERATE_INFOPLIST_FILE = YES;
				INFOPLIST_FILE = "Power-HRG-Project-Info.plist";
				INFOPLIST_KEY_UIApplicationSceneManifest_Generation = YES;
				INFOPLIST_KEY_UIApplicationSupportsIndirectInputEvents = YES;
				INFOPLIST_KEY_UILaunchScreen_Generation = YES;
				INFOPLIST_KEY_UISupportedInterfaceOrientations_iPad = "UIInterfaceOrientationPortrait UIInterfaceOrientationPortraitUpsideDown UIInterfaceOrientationLandscapeLeft UIInterfaceOrientationLandscapeRight";
				INFOPLIST_KEY_UISupportedInterfaceOrientations_iPhone = "UIInterfaceOrientationPortrait UIInterfaceOrientationLandscapeLeft UIInterfaceOrientationLandscapeRight";
				LD_RUNPATH_SEARCH_PATHS = (
					"$(inherited)",
					"@executable_path/Frameworks",
				);
				MARKETING_VERSION = 1.0;
				PRODUCT_BUNDLE_IDENTIFIER = "HYMS.Power-HRG-Project";
				PRODUCT_NAME = "$(TARGET_NAME)";
				SWIFT_EMIT_LOC_STRINGS = YES;
				SWIFT_VERSION = 5.0;
				TARGETED_DEVICE_FAMILY = "1,2";
			};
			name = Debug;
		};
		9CA168BC2AB6290A0069C818 /* Release */ = {
			isa = XCBuildConfiguration;
			buildSettings = {
				ASSETCATALOG_COMPILER_APPICON_NAME = AppIcon;
				ASSETCATALOG_COMPILER_GLOBAL_ACCENT_COLOR_NAME = AccentColor;
				CODE_SIGN_STYLE = Automatic;
				CURRENT_PROJECT_VERSION = 1;
				DEVELOPMENT_ASSET_PATHS = "\"Power_HRG_Project/Preview Content\"";
				DEVELOPMENT_TEAM = GBG5422KCQ;
				ENABLE_PREVIEWS = YES;
				GENERATE_INFOPLIST_FILE = YES;
				INFOPLIST_FILE = "Power-HRG-Project-Info.plist";
				INFOPLIST_KEY_UIApplicationSceneManifest_Generation = YES;
				INFOPLIST_KEY_UIApplicationSupportsIndirectInputEvents = YES;
				INFOPLIST_KEY_UILaunchScreen_Generation = YES;
				INFOPLIST_KEY_UISupportedInterfaceOrientations_iPad = "UIInterfaceOrientationPortrait UIInterfaceOrientationPortraitUpsideDown UIInterfaceOrientationLandscapeLeft UIInterfaceOrientationLandscapeRight";
				INFOPLIST_KEY_UISupportedInterfaceOrientations_iPhone = "UIInterfaceOrientationPortrait UIInterfaceOrientationLandscapeLeft UIInterfaceOrientationLandscapeRight";
				LD_RUNPATH_SEARCH_PATHS = (
					"$(inherited)",
					"@executable_path/Frameworks",
				);
				MARKETING_VERSION = 1.0;
				PRODUCT_BUNDLE_IDENTIFIER = "HYMS.Power-HRG-Project";
				PRODUCT_NAME = "$(TARGET_NAME)";
				SWIFT_EMIT_LOC_STRINGS = YES;
				SWIFT_VERSION = 5.0;
				TARGETED_DEVICE_FAMILY = "1,2";
			};
			name = Release;
		};
/* End XCBuildConfiguration section */

/* Begin XCConfigurationList section */
		9CA168A72AB629080069C818 /* Build configuration list for PBXProject "Power_HRG_Project" */ = {
			isa = XCConfigurationList;
			buildConfigurations = (
				9CA168B82AB6290A0069C818 /* Debug */,
				9CA168B92AB6290A0069C818 /* Release */,
			);
			defaultConfigurationIsVisible = 0;
			defaultConfigurationName = Release;
		};
		9CA168BA2AB6290A0069C818 /* Build configuration list for PBXNativeTarget "Power_HRG_Project" */ = {
			isa = XCConfigurationList;
			buildConfigurations = (
				9CA168BB2AB6290A0069C818 /* Debug */,
				9CA168BC2AB6290A0069C818 /* Release */,
			);
			defaultConfigurationIsVisible = 0;
			defaultConfigurationName = Release;
		};
/* End XCConfigurationList section */
	};
	rootObject = 9CA168A42AB629080069C818 /* Project object */;
}
